
Microsoft Visual Studio Solution File, Format Version 12.00
# Visual Studio Version 17
VisualStudioVersion = 17.0.31903.59
MinimumVisualStudioVersion = 10.0.40219.1
Project("{2150E333-8FDC-42A3-9474-1A3956D46DE8}") = "Geex.Casbin", "Geex.Casbin", "{8593140E-0509-4D82-9DC8-E57F8BBFD284}"
EndProject
Project("{9A19103F-16F7-4668-BE54-9A1E7A4F7556}") = "Geex.Casbin", "Geex.Casbin\src\Geex.Casbin.csproj", "{4CF1C44D-1F60-42DC-86F8-537FEB86EDB2}"
EndProject
Project("{2150E333-8FDC-42A3-9474-1A3956D46DE8}") = "Geex.Common", "Geex.Common", "{085C8697-DE3C-47BA-B51E-729560592F68}"
EndProject
Project("{9A19103F-16F7-4668-BE54-9A1E7A4F7556}") = "Geex.Common", "Geex.Common\src\Geex.Common.csproj", "{36351BDC-30B6-4BCD-B7AF-093DE6A2AF1F}"
EndProject
Project("{2150E333-8FDC-42A3-9474-1A3956D46DE8}") = "Geex.Common.Abstraction", "Geex.Common.Abstraction", "{8BE0E065-B866-456D-86DA-AB63BAB31289}"
EndProject
Project("{9A19103F-16F7-4668-BE54-9A1E7A4F7556}") = "Geex.Common.Abstraction", "Geex.Common.Abstraction\src\Geex.Common.Abstraction.csproj", "{42B4D80F-0E64-4070-83A0-C77BB4087B8C}"
EndProject
Project("{2150E333-8FDC-42A3-9474-1A3956D46DE8}") = "Geex.Common.Accounting", "Geex.Common.Accounting", "{DBAA1411-7127-405E-BE25-A126BC959405}"
EndProject
Project("{9A19103F-16F7-4668-BE54-9A1E7A4F7556}") = "Geex.Common.Accounting", "Geex.Common.Accounting\src\Geex.Common.Accounting.csproj", "{FF09DC88-FC78-4819-8916-A0F6597231A2}"
EndProject
Project("{2150E333-8FDC-42A3-9474-1A3956D46DE8}") = "Geex.Common.Authentication", "Geex.Common.Authentication", "{8D8C05BC-9053-455C-84EE-FB359B68B111}"
EndProject
Project("{9A19103F-16F7-4668-BE54-9A1E7A4F7556}") = "Geex.Common.Authentication", "Geex.Common.Authentication\src\Geex.Common.Authentication.csproj", "{5AB33C5E-C576-4187-A824-28C6AE752D50}"
EndProject
Project("{2150E333-8FDC-42A3-9474-1A3956D46DE8}") = "Geex.Common.Authorization", "Geex.Common.Authorization", "{49C222F2-74DB-42D0-9F42-64E98FA2DA67}"
EndProject
Project("{9A19103F-16F7-4668-BE54-9A1E7A4F7556}") = "Geex.Common.Authorization", "Geex.Common.Authorization\src\Geex.Common.Authorization.csproj", "{70D8208D-5EFB-4E6F-AC11-AF28784A86A0}"
EndProject
Project("{2150E333-8FDC-42A3-9474-1A3956D46DE8}") = "Geex.Common.BackgroundJob", "Geex.Common.BackgroundJob", "{FB147F9E-790C-4C45-A619-856947767134}"
EndProject
Project("{9A19103F-16F7-4668-BE54-9A1E7A4F7556}") = "Geex.Common.BackgroundJob", "Geex.Common.BackgroundJob\src\Geex.Common.BackgroundJob.csproj", "{68CFF1F4-E89D-41FB-A4C4-E38FB539D472}"
EndProject
Project("{2150E333-8FDC-42A3-9474-1A3956D46DE8}") = "Geex.Common.BlobStorage", "Geex.Common.BlobStorage", "{56E1468F-3C3C-4E14-A767-749756736E09}"
EndProject
Project("{9A19103F-16F7-4668-BE54-9A1E7A4F7556}") = "Geex.Common.BlobStorage", "Geex.Common.BlobStorage\src\Geex.Common.BlobStorage.csproj", "{03BE59FF-24EB-46F9-A38B-DFA90660E712}"
EndProject
Project("{2150E333-8FDC-42A3-9474-1A3956D46DE8}") = "Geex.Common.Identity", "Geex.Common.Identity", "{2C45CBA9-4D51-47A3-9186-8D7A11C72E1B}"
EndProject
Project("{9A19103F-16F7-4668-BE54-9A1E7A4F7556}") = "Geex.Common.Identity", "Geex.Common.Identity\src\Geex.Common.Identity.csproj", "{4922955D-02BA-4A04-B763-56247A8433FF}"
EndProject
Project("{2150E333-8FDC-42A3-9474-1A3956D46DE8}") = "Geex.Common.Logging", "Geex.Common.Logging", "{BB1A000A-D463-44B1-9C91-582A0CB41551}"
EndProject
Project("{9A19103F-16F7-4668-BE54-9A1E7A4F7556}") = "Geex.Common.Logging", "Geex.Common.Logging\src\Geex.Common.Logging.csproj", "{33C641AC-EFB2-4EC6-BD73-D09764A18688}"
EndProject
Project("{2150E333-8FDC-42A3-9474-1A3956D46DE8}") = "Geex.Common.Messaging", "Geex.Common.Messaging", "{040C7AB5-B854-4201-A0F6-2810C69B99E6}"
EndProject
Project("{9A19103F-16F7-4668-BE54-9A1E7A4F7556}") = "Geex.Common.Messaging", "Geex.Common.Messaging\src\Geex.Common.Messaging.csproj", "{A283A77A-1E51-4E61-BF39-AF66DAE63F8C}"
EndProject
Project("{2150E333-8FDC-42A3-9474-1A3956D46DE8}") = "Geex.Common.MultiTenant", "Geex.Common.MultiTenant", "{B1D4F95C-A5CE-4681-8089-FB0D8FF743A1}"
EndProject
Project("{9A19103F-16F7-4668-BE54-9A1E7A4F7556}") = "Geex.Common.MultiTenant", "Geex.Common.MultiTenant\src\Geex.Common.MultiTenant.csproj", "{7039D4BB-E773-44B8-B4DA-D1B19F29BAFB}"
EndProject
Project("{2150E333-8FDC-42A3-9474-1A3956D46DE8}") = "Geex.Common.Settings", "Geex.Common.Settings", "{838310F5-58DD-4546-850D-8BE9233333AC}"
EndProject
Project("{9A19103F-16F7-4668-BE54-9A1E7A4F7556}") = "Geex.Common.Settings", "Geex.Common.Settings\src\Geex.Common.Settings.csproj", "{938D1D32-1B77-486B-AE79-31BA321A94AF}"
EndProject
Project("{2150E333-8FDC-42A3-9474-1A3956D46DE8}") = "Geex.MongoDB.Entities", "Geex.MongoDB.Entities", "{9A9FFDE9-82B4-4AE0-B4F8-F6ACF7B59E6D}"
EndProject
Project("{9A19103F-16F7-4668-BE54-9A1E7A4F7556}") = "Geex.MongoDB.Entities", "Geex.MongoDB.Entities\src\Geex.MongoDB.Entities.csproj", "{C68DA23A-8E0A-40FE-A2F6-A5DA45212DED}"
EndProject
Global
	GlobalSection(SolutionConfigurationPlatforms) = preSolution
		Debug|Any CPU = Debug|Any CPU
		Release|Any CPU = Release|Any CPU
	EndGlobalSection
	GlobalSection(ProjectConfigurationPlatforms) = postSolution
		{4CF1C44D-1F60-42DC-86F8-537FEB86EDB2}.Debug|Any CPU.ActiveCfg = Debug|Any CPU
		{4CF1C44D-1F60-42DC-86F8-537FEB86EDB2}.Debug|Any CPU.Build.0 = Debug|Any CPU
		{4CF1C44D-1F60-42DC-86F8-537FEB86EDB2}.Release|Any CPU.ActiveCfg = Release|Any CPU
		{4CF1C44D-1F60-42DC-86F8-537FEB86EDB2}.Release|Any CPU.Build.0 = Release|Any CPU
		{36351BDC-30B6-4BCD-B7AF-093DE6A2AF1F}.Debug|Any CPU.ActiveCfg = Debug|Any CPU
		{36351BDC-30B6-4BCD-B7AF-093DE6A2AF1F}.Debug|Any CPU.Build.0 = Debug|Any CPU
		{36351BDC-30B6-4BCD-B7AF-093DE6A2AF1F}.Release|Any CPU.ActiveCfg = Release|Any CPU
		{36351BDC-30B6-4BCD-B7AF-093DE6A2AF1F}.Release|Any CPU.Build.0 = Release|Any CPU
		{42B4D80F-0E64-4070-83A0-C77BB4087B8C}.Debug|Any CPU.ActiveCfg = Debug|Any CPU
		{42B4D80F-0E64-4070-83A0-C77BB4087B8C}.Debug|Any CPU.Build.0 = Debug|Any CPU
		{42B4D80F-0E64-4070-83A0-C77BB4087B8C}.Release|Any CPU.ActiveCfg = Release|Any CPU
		{42B4D80F-0E64-4070-83A0-C77BB4087B8C}.Release|Any CPU.Build.0 = Release|Any CPU
		{FF09DC88-FC78-4819-8916-A0F6597231A2}.Debug|Any CPU.ActiveCfg = Debug|Any CPU
		{FF09DC88-FC78-4819-8916-A0F6597231A2}.Debug|Any CPU.Build.0 = Debug|Any CPU
		{FF09DC88-FC78-4819-8916-A0F6597231A2}.Release|Any CPU.ActiveCfg = Release|Any CPU
		{FF09DC88-FC78-4819-8916-A0F6597231A2}.Release|Any CPU.Build.0 = Release|Any CPU
		{5AB33C5E-C576-4187-A824-28C6AE752D50}.Debug|Any CPU.ActiveCfg = Debug|Any CPU
		{5AB33C5E-C576-4187-A824-28C6AE752D50}.Debug|Any CPU.Build.0 = Debug|Any CPU
		{5AB33C5E-C576-4187-A824-28C6AE752D50}.Release|Any CPU.ActiveCfg = Release|Any CPU
		{5AB33C5E-C576-4187-A824-28C6AE752D50}.Release|Any CPU.Build.0 = Release|Any CPU
		{70D8208D-5EFB-4E6F-AC11-AF28784A86A0}.Debug|Any CPU.ActiveCfg = Debug|Any CPU
		{70D8208D-5EFB-4E6F-AC11-AF28784A86A0}.Debug|Any CPU.Build.0 = Debug|Any CPU
		{70D8208D-5EFB-4E6F-AC11-AF28784A86A0}.Release|Any CPU.ActiveCfg = Release|Any CPU
		{70D8208D-5EFB-4E6F-AC11-AF28784A86A0}.Release|Any CPU.Build.0 = Release|Any CPU
		{68CFF1F4-E89D-41FB-A4C4-E38FB539D472}.Debug|Any CPU.ActiveCfg = Debug|Any CPU
		{68CFF1F4-E89D-41FB-A4C4-E38FB539D472}.Debug|Any CPU.Build.0 = Debug|Any CPU
		{68CFF1F4-E89D-41FB-A4C4-E38FB539D472}.Release|Any CPU.ActiveCfg = Release|Any CPU
		{68CFF1F4-E89D-41FB-A4C4-E38FB539D472}.Release|Any CPU.Build.0 = Release|Any CPU
		{03BE59FF-24EB-46F9-A38B-DFA90660E712}.Debug|Any CPU.ActiveCfg = Debug|Any CPU
		{03BE59FF-24EB-46F9-A38B-DFA90660E712}.Debug|Any CPU.Build.0 = Debug|Any CPU
		{03BE59FF-24EB-46F9-A38B-DFA90660E712}.Release|Any CPU.ActiveCfg = Release|Any CPU
		{03BE59FF-24EB-46F9-A38B-DFA90660E712}.Release|Any CPU.Build.0 = Release|Any CPU
		{4922955D-02BA-4A04-B763-56247A8433FF}.Debug|Any CPU.ActiveCfg = Debug|Any CPU
		{4922955D-02BA-4A04-B763-56247A8433FF}.Debug|Any CPU.Build.0 = Debug|Any CPU
		{4922955D-02BA-4A04-B763-56247A8433FF}.Release|Any CPU.ActiveCfg = Release|Any CPU
		{4922955D-02BA-4A04-B763-56247A8433FF}.Release|Any CPU.Build.0 = Release|Any CPU
		{33C641AC-EFB2-4EC6-BD73-D09764A18688}.Debug|Any CPU.ActiveCfg = Debug|Any CPU
		{33C641AC-EFB2-4EC6-BD73-D09764A18688}.Debug|Any CPU.Build.0 = Debug|Any CPU
		{33C641AC-EFB2-4EC6-BD73-D09764A18688}.Release|Any CPU.ActiveCfg = Release|Any CPU
		{33C641AC-EFB2-4EC6-BD73-D09764A18688}.Release|Any CPU.Build.0 = Release|Any CPU
		{A283A77A-1E51-4E61-BF39-AF66DAE63F8C}.Debug|Any CPU.ActiveCfg = Debug|Any CPU
		{A283A77A-1E51-4E61-BF39-AF66DAE63F8C}.Debug|Any CPU.Build.0 = Debug|Any CPU
		{A283A77A-1E51-4E61-BF39-AF66DAE63F8C}.Release|Any CPU.ActiveCfg = Release|Any CPU
		{A283A77A-1E51-4E61-BF39-AF66DAE63F8C}.Release|Any CPU.Build.0 = Release|Any CPU
		{7039D4BB-E773-44B8-B4DA-D1B19F29BAFB}.Debug|Any CPU.ActiveCfg = Debug|Any CPU
		{7039D4BB-E773-44B8-B4DA-D1B19F29BAFB}.Debug|Any CPU.Build.0 = Debug|Any CPU
		{7039D4BB-E773-44B8-B4DA-D1B19F29BAFB}.Release|Any CPU.ActiveCfg = Release|Any CPU
		{7039D4BB-E773-44B8-B4DA-D1B19F29BAFB}.Release|Any CPU.Build.0 = Release|Any CPU
		{938D1D32-1B77-486B-AE79-31BA321A94AF}.Debug|Any CPU.ActiveCfg = Debug|Any CPU
		{938D1D32-1B77-486B-AE79-31BA321A94AF}.Debug|Any CPU.Build.0 = Debug|Any CPU
		{938D1D32-1B77-486B-AE79-31BA321A94AF}.Release|Any CPU.ActiveCfg = Release|Any CPU
		{938D1D32-1B77-486B-AE79-31BA321A94AF}.Release|Any CPU.Build.0 = Release|Any CPU
		{C68DA23A-8E0A-40FE-A2F6-A5DA45212DED}.Debug|Any CPU.ActiveCfg = Debug|Any CPU
		{C68DA23A-8E0A-40FE-A2F6-A5DA45212DED}.Debug|Any CPU.Build.0 = Debug|Any CPU
		{C68DA23A-8E0A-40FE-A2F6-A5DA45212DED}.Release|Any CPU.ActiveCfg = Release|Any CPU
		{C68DA23A-8E0A-40FE-A2F6-A5DA45212DED}.Release|Any CPU.Build.0 = Release|Any CPU
	EndGlobalSection
	GlobalSection(SolutionProperties) = preSolution
		HideSolutionNode = FALSE
	EndGlobalSection
	GlobalSection(NestedProjects) = preSolution
		{4CF1C44D-1F60-42DC-86F8-537FEB86EDB2} = {8593140E-0509-4D82-9DC8-E57F8BBFD284}
		{36351BDC-30B6-4BCD-B7AF-093DE6A2AF1F} = {085C8697-DE3C-47BA-B51E-729560592F68}
		{42B4D80F-0E64-4070-83A0-C77BB4087B8C} = {8BE0E065-B866-456D-86DA-AB63BAB31289}
		{FF09DC88-FC78-4819-8916-A0F6597231A2} = {DBAA1411-7127-405E-BE25-A126BC959405}
		{5AB33C5E-C576-4187-A824-28C6AE752D50} = {8D8C05BC-9053-455C-84EE-FB359B68B111}
		{70D8208D-5EFB-4E6F-AC11-AF28784A86A0} = {49C222F2-74DB-42D0-9F42-64E98FA2DA67}
		{68CFF1F4-E89D-41FB-A4C4-E38FB539D472} = {FB147F9E-790C-4C45-A619-856947767134}
		{03BE59FF-24EB-46F9-A38B-DFA90660E712} = {56E1468F-3C3C-4E14-A767-749756736E09}
		{4922955D-02BA-4A04-B763-56247A8433FF} = {2C45CBA9-4D51-47A3-9186-8D7A11C72E1B}
		{33C641AC-EFB2-4EC6-BD73-D09764A18688} = {BB1A000A-D463-44B1-9C91-582A0CB41551}
		{A283A77A-1E51-4E61-BF39-AF66DAE63F8C} = {040C7AB5-B854-4201-A0F6-2810C69B99E6}
		{7039D4BB-E773-44B8-B4DA-D1B19F29BAFB} = {B1D4F95C-A5CE-4681-8089-FB0D8FF743A1}
		{938D1D32-1B77-486B-AE79-31BA321A94AF} = {838310F5-58DD-4546-850D-8BE9233333AC}
		{C68DA23A-8E0A-40FE-A2F6-A5DA45212DED} = {9A9FFDE9-82B4-4AE0-B4F8-F6ACF7B59E6D}
	EndGlobalSection
EndGlobal
