
Microsoft Visual Studio Solution File, Format Version 12.00
# Visual Studio Version 17
VisualStudioVersion = 17.0.31903.59
MinimumVisualStudioVersion = 10.0.40219.1
Project("{9A19103F-16F7-4668-BE54-9A1E7A4F7556}") = "Geex.Casbin", "Geex.Casbin\src\Geex.Casbin.csproj", "{4CF1C44D-1F60-42DC-86F8-537FEB86EDB2}"
EndProject
Project("{9A19103F-16F7-4668-BE54-9A1E7A4F7556}") = "Geex.Common", "Geex.Common\src\Geex.Common.csproj", "{36351BDC-30B6-4BCD-B7AF-093DE6A2AF1F}"
EndProject
Project("{9A19103F-16F7-4668-BE54-9A1E7A4F7556}") = "Geex.Abstractions", "Geex.Abstractions\src\Geex.Abstractions.csproj", "{42B4D80F-0E64-4070-83A0-C77BB4087B8C}"
EndProject
Project("{9A19103F-16F7-4668-BE54-9A1E7A4F7556}") = "Geex.Extensions.Authentication", "Geex.Extensions.Authentication\src\Geex.Extensions.Authentication.csproj", "{5AB33C5E-C576-4187-A824-28C6AE752D50}"
EndProject
Project("{9A19103F-16F7-4668-BE54-9A1E7A4F7556}") = "Geex.Extensions.Authorization", "Geex.Extensions.Authorization\src\Geex.Extensions.Authorization.csproj", "{70D8208D-5EFB-4E6F-AC11-AF28784A86A0}"
EndProject
Project("{9A19103F-16F7-4668-BE54-9A1E7A4F7556}") = "Geex.Extensions.BackgroundJob", "Geex.Extensions.BackgroundJob\src\Geex.Extensions.BackgroundJob.csproj", "{68CFF1F4-E89D-41FB-A4C4-E38FB539D472}"
EndProject
Project("{9A19103F-16F7-4668-BE54-9A1E7A4F7556}") = "Geex.Extensions.BlobStorage", "Geex.Extensions.BlobStorage\src\Geex.Extensions.BlobStorage.csproj", "{03BE59FF-24EB-46F9-A38B-DFA90660E712}"
EndProject
Project("{9A19103F-16F7-4668-BE54-9A1E7A4F7556}") = "Geex.Extensions.Identity", "Geex.Extensions.Identity\src\Geex.Extensions.Identity.csproj", "{4922955D-02BA-4A04-B763-56247A8433FF}"
EndProject
Project("{9A19103F-16F7-4668-BE54-9A1E7A4F7556}") = "Geex.Extensions.Logging", "Geex.Extensions.Logging\src\Geex.Extensions.Logging.csproj", "{33C641AC-EFB2-4EC6-BD73-D09764A18688}"
EndProject
Project("{9A19103F-16F7-4668-BE54-9A1E7A4F7556}") = "Geex.Extensions.Messaging", "Geex.Extensions.Messaging\src\Geex.Extensions.Messaging.csproj", "{A283A77A-1E51-4E61-BF39-AF66DAE63F8C}"
EndProject
Project("{9A19103F-16F7-4668-BE54-9A1E7A4F7556}") = "Geex.Extensions.MultiTenant", "Geex.Extensions.MultiTenant\src\Geex.Extensions.MultiTenant.csproj", "{7039D4BB-E773-44B8-B4DA-D1B19F29BAFB}"
EndProject
Project("{9A19103F-16F7-4668-BE54-9A1E7A4F7556}") = "Geex.Extensions.Settings", "Geex.Extensions.Settings\src\Geex.Extensions.Settings.csproj", "{938D1D32-1B77-486B-AE79-31BA321A94AF}"
EndProject
Project("{9A19103F-16F7-4668-BE54-9A1E7A4F7556}") = "Geex.MongoDB.Entities", "Geex.MongoDB.Entities\src\Geex.MongoDB.Entities.csproj", "{C68DA23A-8E0A-40FE-A2F6-A5DA45212DED}"
EndProject
Project("{9A19103F-16F7-4668-BE54-9A1E7A4F7556}") = "Tests", "Geex.MongoDB.Entities\test\Tests.csproj", "{44420B74-9BAB-44C0-B7A4-8079F78FB285}"
EndProject
Project("{9A19103F-16F7-4668-BE54-9A1E7A4F7556}") = "Geex.Tests", "Geex.Tests\Geex.Tests.csproj", "{98F0E5DF-828D-4D43-A1D6-EE75DED97429}"
EndProject
Project("{2150E333-8FDC-42A3-9474-1A3956D46DE8}") = "Geex.MediatX", "Geex.MediatX", "{8A44E7C5-AF56-4D4F-8A24-DD9BEF34925B}"
EndProject
Project("{9A19103F-16F7-4668-BE54-9A1E7A4F7556}") = "MediatX.RabbitMQ", "Geex.MediatX\MediatX.RabbitMQ\MediatX.RabbitMQ.csproj", "{FA32CF69-8DF5-457A-BE58-467A01C80C3B}"
EndProject
Project("{9A19103F-16F7-4668-BE54-9A1E7A4F7556}") = "MediatX", "Geex.MediatX\MediatX\MediatX.csproj", "{3B0A9854-B72A-41D0-B75A-1D87BF43794E}"
EndProject
Project("{9A19103F-16F7-4668-BE54-9A1E7A4F7556}") = "Compare-NET-Objects", "patched_packages\Compare-NET-Objects\Compare-NET-Objects.csproj", "{3C6D84D9-CA61-432D-8320-1B2180296124}"
EndProject
Project("{9A19103F-16F7-4668-BE54-9A1E7A4F7556}") = "Geex.Extensions.AuditLogs", "Geex.Extensions.AuditLogs\src\Geex.Extensions.AuditLogs.csproj", "{20573EB5-B7A2-4106-9015-6E188977C8AA}"
EndProject
Project("{9A19103F-16F7-4668-BE54-9A1E7A4F7556}") = "Geex.Analyzer", "Geex.Analyzer\src\Geex.Analyzer.csproj", "{4B52A79F-D740-49F8-9720-4930BA7AE29A}"
EndProject
Project("{FAE04EC0-301F-11D3-BF4B-00C04F79EFBC}") = "Geex.Extensions.ApprovalFlows", "Geex.Extensions.ApprovalFlows\src\Geex.Extensions.ApprovalFlows.csproj", "{D54BB6F9-85E8-4713-989C-0CDD145434A0}"
EndProject
Project("{FAE04EC0-301F-11D3-BF4B-00C04F79EFBC}") = "Geex.Extensions.Settings.Abstractions", "Geex.Extensions.Settings\src\Abstractions\Geex.Extensions.Settings.Abstractions.csproj", "{02EF6B75-1E13-7E77-C209-807F1C85A2C9}"
EndProject
Project("{FAE04EC0-301F-11D3-BF4B-00C04F79EFBC}") = "Geex.Extensions.MultiTenant.Abstractions", "Geex.Extensions.MultiTenant\src\Abstractions\Geex.Extensions.MultiTenant.Abstractions.csproj", "{676D94E0-ADFF-C138-13D8-F4AAECFCEE13}"
EndProject
Project("{FAE04EC0-301F-11D3-BF4B-00C04F79EFBC}") = "Geex.Analyzer.Tests", "Geex.Analyzer.Tests\Geex.Analyzer.Tests.csproj", "{CB53735A-F5FD-6581-4D7E-EA4F3140EFAD}"
EndProject
Global
	GlobalSection(SolutionConfigurationPlatforms) = preSolution
		Debug|Any CPU = Debug|Any CPU
		Release|Any CPU = Release|Any CPU
	EndGlobalSection
	GlobalSection(ProjectConfigurationPlatforms) = postSolution
		{4CF1C44D-1F60-42DC-86F8-537FEB86EDB2}.Debug|Any CPU.ActiveCfg = Debug|Any CPU
		{4CF1C44D-1F60-42DC-86F8-537FEB86EDB2}.Debug|Any CPU.Build.0 = Debug|Any CPU
		{4CF1C44D-1F60-42DC-86F8-537FEB86EDB2}.Release|Any CPU.ActiveCfg = Release|Any CPU
		{4CF1C44D-1F60-42DC-86F8-537FEB86EDB2}.Release|Any CPU.Build.0 = Release|Any CPU
		{36351BDC-30B6-4BCD-B7AF-093DE6A2AF1F}.Debug|Any CPU.ActiveCfg = Debug|Any CPU
		{36351BDC-30B6-4BCD-B7AF-093DE6A2AF1F}.Debug|Any CPU.Build.0 = Debug|Any CPU
		{36351BDC-30B6-4BCD-B7AF-093DE6A2AF1F}.Release|Any CPU.ActiveCfg = Release|Any CPU
		{36351BDC-30B6-4BCD-B7AF-093DE6A2AF1F}.Release|Any CPU.Build.0 = Release|Any CPU
		{42B4D80F-0E64-4070-83A0-C77BB4087B8C}.Debug|Any CPU.ActiveCfg = Debug|Any CPU
		{42B4D80F-0E64-4070-83A0-C77BB4087B8C}.Debug|Any CPU.Build.0 = Debug|Any CPU
		{42B4D80F-0E64-4070-83A0-C77BB4087B8C}.Release|Any CPU.ActiveCfg = Release|Any CPU
		{42B4D80F-0E64-4070-83A0-C77BB4087B8C}.Release|Any CPU.Build.0 = Release|Any CPU
		{5AB33C5E-C576-4187-A824-28C6AE752D50}.Debug|Any CPU.ActiveCfg = Debug|Any CPU
		{5AB33C5E-C576-4187-A824-28C6AE752D50}.Debug|Any CPU.Build.0 = Debug|Any CPU
		{5AB33C5E-C576-4187-A824-28C6AE752D50}.Release|Any CPU.ActiveCfg = Release|Any CPU
		{5AB33C5E-C576-4187-A824-28C6AE752D50}.Release|Any CPU.Build.0 = Release|Any CPU
		{70D8208D-5EFB-4E6F-AC11-AF28784A86A0}.Debug|Any CPU.ActiveCfg = Debug|Any CPU
		{70D8208D-5EFB-4E6F-AC11-AF28784A86A0}.Debug|Any CPU.Build.0 = Debug|Any CPU
		{70D8208D-5EFB-4E6F-AC11-AF28784A86A0}.Release|Any CPU.ActiveCfg = Release|Any CPU
		{70D8208D-5EFB-4E6F-AC11-AF28784A86A0}.Release|Any CPU.Build.0 = Release|Any CPU
		{68CFF1F4-E89D-41FB-A4C4-E38FB539D472}.Debug|Any CPU.ActiveCfg = Debug|Any CPU
		{68CFF1F4-E89D-41FB-A4C4-E38FB539D472}.Debug|Any CPU.Build.0 = Debug|Any CPU
		{68CFF1F4-E89D-41FB-A4C4-E38FB539D472}.Release|Any CPU.ActiveCfg = Release|Any CPU
		{68CFF1F4-E89D-41FB-A4C4-E38FB539D472}.Release|Any CPU.Build.0 = Release|Any CPU
		{03BE59FF-24EB-46F9-A38B-DFA90660E712}.Debug|Any CPU.ActiveCfg = Debug|Any CPU
		{03BE59FF-24EB-46F9-A38B-DFA90660E712}.Debug|Any CPU.Build.0 = Debug|Any CPU
		{03BE59FF-24EB-46F9-A38B-DFA90660E712}.Release|Any CPU.ActiveCfg = Release|Any CPU
		{03BE59FF-24EB-46F9-A38B-DFA90660E712}.Release|Any CPU.Build.0 = Release|Any CPU
		{4922955D-02BA-4A04-B763-56247A8433FF}.Debug|Any CPU.ActiveCfg = Debug|Any CPU
		{4922955D-02BA-4A04-B763-56247A8433FF}.Debug|Any CPU.Build.0 = Debug|Any CPU
		{4922955D-02BA-4A04-B763-56247A8433FF}.Release|Any CPU.ActiveCfg = Release|Any CPU
		{4922955D-02BA-4A04-B763-56247A8433FF}.Release|Any CPU.Build.0 = Release|Any CPU
		{33C641AC-EFB2-4EC6-BD73-D09764A18688}.Debug|Any CPU.ActiveCfg = Debug|Any CPU
		{33C641AC-EFB2-4EC6-BD73-D09764A18688}.Debug|Any CPU.Build.0 = Debug|Any CPU
		{33C641AC-EFB2-4EC6-BD73-D09764A18688}.Release|Any CPU.ActiveCfg = Release|Any CPU
		{33C641AC-EFB2-4EC6-BD73-D09764A18688}.Release|Any CPU.Build.0 = Release|Any CPU
		{A283A77A-1E51-4E61-BF39-AF66DAE63F8C}.Debug|Any CPU.ActiveCfg = Debug|Any CPU
		{A283A77A-1E51-4E61-BF39-AF66DAE63F8C}.Debug|Any CPU.Build.0 = Debug|Any CPU
		{A283A77A-1E51-4E61-BF39-AF66DAE63F8C}.Release|Any CPU.ActiveCfg = Release|Any CPU
		{A283A77A-1E51-4E61-BF39-AF66DAE63F8C}.Release|Any CPU.Build.0 = Release|Any CPU
		{7039D4BB-E773-44B8-B4DA-D1B19F29BAFB}.Debug|Any CPU.ActiveCfg = Debug|Any CPU
		{7039D4BB-E773-44B8-B4DA-D1B19F29BAFB}.Debug|Any CPU.Build.0 = Debug|Any CPU
		{7039D4BB-E773-44B8-B4DA-D1B19F29BAFB}.Release|Any CPU.ActiveCfg = Release|Any CPU
		{7039D4BB-E773-44B8-B4DA-D1B19F29BAFB}.Release|Any CPU.Build.0 = Release|Any CPU
		{938D1D32-1B77-486B-AE79-31BA321A94AF}.Debug|Any CPU.ActiveCfg = Debug|Any CPU
		{938D1D32-1B77-486B-AE79-31BA321A94AF}.Debug|Any CPU.Build.0 = Debug|Any CPU
		{938D1D32-1B77-486B-AE79-31BA321A94AF}.Release|Any CPU.ActiveCfg = Release|Any CPU
		{938D1D32-1B77-486B-AE79-31BA321A94AF}.Release|Any CPU.Build.0 = Release|Any CPU
		{C68DA23A-8E0A-40FE-A2F6-A5DA45212DED}.Debug|Any CPU.ActiveCfg = Debug|Any CPU
		{C68DA23A-8E0A-40FE-A2F6-A5DA45212DED}.Debug|Any CPU.Build.0 = Debug|Any CPU
		{C68DA23A-8E0A-40FE-A2F6-A5DA45212DED}.Release|Any CPU.ActiveCfg = Release|Any CPU
		{C68DA23A-8E0A-40FE-A2F6-A5DA45212DED}.Release|Any CPU.Build.0 = Release|Any CPU
		{44420B74-9BAB-44C0-B7A4-8079F78FB285}.Debug|Any CPU.ActiveCfg = Debug|Any CPU
		{44420B74-9BAB-44C0-B7A4-8079F78FB285}.Debug|Any CPU.Build.0 = Debug|Any CPU
		{44420B74-9BAB-44C0-B7A4-8079F78FB285}.Release|Any CPU.ActiveCfg = Release|Any CPU
		{44420B74-9BAB-44C0-B7A4-8079F78FB285}.Release|Any CPU.Build.0 = Release|Any CPU
		{98F0E5DF-828D-4D43-A1D6-EE75DED97429}.Debug|Any CPU.ActiveCfg = Debug|Any CPU
		{98F0E5DF-828D-4D43-A1D6-EE75DED97429}.Debug|Any CPU.Build.0 = Debug|Any CPU
		{98F0E5DF-828D-4D43-A1D6-EE75DED97429}.Release|Any CPU.ActiveCfg = Release|Any CPU
		{98F0E5DF-828D-4D43-A1D6-EE75DED97429}.Release|Any CPU.Build.0 = Release|Any CPU
		{FA32CF69-8DF5-457A-BE58-467A01C80C3B}.Debug|Any CPU.ActiveCfg = Debug|Any CPU
		{FA32CF69-8DF5-457A-BE58-467A01C80C3B}.Debug|Any CPU.Build.0 = Debug|Any CPU
		{FA32CF69-8DF5-457A-BE58-467A01C80C3B}.Release|Any CPU.ActiveCfg = Release|Any CPU
		{FA32CF69-8DF5-457A-BE58-467A01C80C3B}.Release|Any CPU.Build.0 = Release|Any CPU
		{3B0A9854-B72A-41D0-B75A-1D87BF43794E}.Debug|Any CPU.ActiveCfg = Debug|Any CPU
		{3B0A9854-B72A-41D0-B75A-1D87BF43794E}.Debug|Any CPU.Build.0 = Debug|Any CPU
		{3B0A9854-B72A-41D0-B75A-1D87BF43794E}.Release|Any CPU.ActiveCfg = Release|Any CPU
		{3B0A9854-B72A-41D0-B75A-1D87BF43794E}.Release|Any CPU.Build.0 = Release|Any CPU
		{3C6D84D9-CA61-432D-8320-1B2180296124}.Debug|Any CPU.ActiveCfg = Debug|Any CPU
		{3C6D84D9-CA61-432D-8320-1B2180296124}.Debug|Any CPU.Build.0 = Debug|Any CPU
		{3C6D84D9-CA61-432D-8320-1B2180296124}.Release|Any CPU.ActiveCfg = Release|Any CPU
		{3C6D84D9-CA61-432D-8320-1B2180296124}.Release|Any CPU.Build.0 = Release|Any CPU
		{20573EB5-B7A2-4106-9015-6E188977C8AA}.Debug|Any CPU.ActiveCfg = Debug|Any CPU
		{20573EB5-B7A2-4106-9015-6E188977C8AA}.Debug|Any CPU.Build.0 = Debug|Any CPU
		{20573EB5-B7A2-4106-9015-6E188977C8AA}.Release|Any CPU.ActiveCfg = Release|Any CPU
		{20573EB5-B7A2-4106-9015-6E188977C8AA}.Release|Any CPU.Build.0 = Release|Any CPU
		{4B52A79F-D740-49F8-9720-4930BA7AE29A}.Debug|Any CPU.ActiveCfg = Debug|Any CPU
		{4B52A79F-D740-49F8-9720-4930BA7AE29A}.Debug|Any CPU.Build.0 = Debug|Any CPU
		{4B52A79F-D740-49F8-9720-4930BA7AE29A}.Release|Any CPU.ActiveCfg = Release|Any CPU
		{4B52A79F-D740-49F8-9720-4930BA7AE29A}.Release|Any CPU.Build.0 = Release|Any CPU
		{D54BB6F9-85E8-4713-989C-0CDD145434A0}.Debug|Any CPU.ActiveCfg = Debug|Any CPU
		{D54BB6F9-85E8-4713-989C-0CDD145434A0}.Debug|Any CPU.Build.0 = Debug|Any CPU
		{D54BB6F9-85E8-4713-989C-0CDD145434A0}.Release|Any CPU.ActiveCfg = Release|Any CPU
		{D54BB6F9-85E8-4713-989C-0CDD145434A0}.Release|Any CPU.Build.0 = Release|Any CPU
		{02EF6B75-1E13-7E77-C209-807F1C85A2C9}.Debug|Any CPU.ActiveCfg = Debug|Any CPU
		{02EF6B75-1E13-7E77-C209-807F1C85A2C9}.Debug|Any CPU.Build.0 = Debug|Any CPU
		{02EF6B75-1E13-7E77-C209-807F1C85A2C9}.Release|Any CPU.ActiveCfg = Release|Any CPU
		{02EF6B75-1E13-7E77-C209-807F1C85A2C9}.Release|Any CPU.Build.0 = Release|Any CPU
		{676D94E0-ADFF-C138-13D8-F4AAECFCEE13}.Debug|Any CPU.ActiveCfg = Debug|Any CPU
		{676D94E0-ADFF-C138-13D8-F4AAECFCEE13}.Debug|Any CPU.Build.0 = Debug|Any CPU
		{676D94E0-ADFF-C138-13D8-F4AAECFCEE13}.Release|Any CPU.ActiveCfg = Release|Any CPU
		{676D94E0-ADFF-C138-13D8-F4AAECFCEE13}.Release|Any CPU.Build.0 = Release|Any CPU
		{CB53735A-F5FD-6581-4D7E-EA4F3140EFAD}.Debug|Any CPU.ActiveCfg = Debug|Any CPU
		{CB53735A-F5FD-6581-4D7E-EA4F3140EFAD}.Debug|Any CPU.Build.0 = Debug|Any CPU
		{CB53735A-F5FD-6581-4D7E-EA4F3140EFAD}.Release|Any CPU.ActiveCfg = Release|Any CPU
		{CB53735A-F5FD-6581-4D7E-EA4F3140EFAD}.Release|Any CPU.Build.0 = Release|Any CPU
	EndGlobalSection
	GlobalSection(SolutionProperties) = preSolution
		HideSolutionNode = FALSE
	EndGlobalSection
	GlobalSection(NestedProjects) = preSolution
		{FA32CF69-8DF5-457A-BE58-467A01C80C3B} = {8A44E7C5-AF56-4D4F-8A24-DD9BEF34925B}
		{3B0A9854-B72A-41D0-B75A-1D87BF43794E} = {8A44E7C5-AF56-4D4F-8A24-DD9BEF34925B}
	EndGlobalSection
	GlobalSection(ExtensibilityGlobals) = postSolution
		SolutionGuid = {65E33D9A-23A7-46EA-9E8C-8B20AB9B6F0D}
	EndGlobalSection
EndGlobal
