
Microsoft Visual Studio Solution File, Format Version 12.00
# Visual Studio Version 16
VisualStudioVersion = 16.0.31025.218
MinimumVisualStudioVersion = 10.0.40219.1
Project("{FAE04EC0-301F-11D3-BF4B-00C04F79EFBC}") = "x_Proj_x.Client", "x_Proj_x.Client\x_Proj_x.Client.csproj", "{0FE6B46B-A4ED-4A58-B685-1499CC532475}"
EndProject
Global
	GlobalSection(SolutionConfigurationPlatforms) = preSolution
		Debug|Any CPU = Debug|Any CPU
		Release|Any CPU = Release|Any CPU
	EndGlobalSection
	GlobalSection(ProjectConfigurationPlatforms) = postSolution
		{0FE6B46B-A4ED-4A58-B685-1499CC532475}.Debug|Any CPU.ActiveCfg = Debug|Any CPU
		{0FE6B46B-A4ED-4A58-B685-1499CC532475}.Debug|Any CPU.Build.0 = Debug|Any CPU
		{0FE6B46B-A4ED-4A58-B685-1499CC532475}.Release|Any CPU.ActiveCfg = Release|Any CPU
		{0FE6B46B-A4ED-4A58-B685-1499CC532475}.Release|Any CPU.Build.0 = Release|Any CPU
	EndGlobalSection
	GlobalSection(SolutionProperties) = preSolution
		HideSolutionNode = FALSE
	EndGlobalSection
	GlobalSection(ExtensibilityGlobals) = postSolution
		SolutionGuid = {4ECCEB08-A562-4724-87B4-4393161B1759}
	EndGlobalSection
EndGlobal
